
Microsoft Visual Studio Solution File, Format Version 12.00
# Visual Studio Version 17
Project("{2150E333-8FDC-42A3-9474-1A3956D46DE8}") = "CMakePredefinedTargets", "CMakePredefinedTargets", "{90ECE4AC-6B1B-37B0-90B6-013CFAD45B10}"
EndProject
Project("{8BC9CEB8-8B4A-11D0-8D11-00A0C91BC942}") = "ALL_BUILD", "ALL_BUILD.vcxproj", "{1445553B-5100-3D85-83CD-DA42F381AD3E}"
	ProjectSection(ProjectDependencies) = postProject
		{42316A28-CB32-3E52-B2FB-D2217863DB64} = {42316A28-CB32-3E52-B2FB-D2217863DB64}
		{4DB5B90A-C0E9-39CA-B266-98C3C8C5376B} = {4DB5B90A-C0E9-39CA-B266-98C3C8C5376B}
	EndProjectSection
EndProject
Project("{8BC9CEB8-8B4A-11D0-8D11-00A0C91BC942}") = "LearnOpenGL", "LearnOpenGL.vcxproj", "{42316A28-CB32-3E52-B2FB-D2217863DB64}"
	ProjectSection(ProjectDependencies) = postProject
		{4DB5B90A-C0E9-39CA-B266-98C3C8C5376B} = {4DB5B90A-C0E9-39CA-B266-98C3C8C5376B}
	EndProjectSection
EndProject
Project("{8BC9CEB8-8B4A-11D0-8D11-00A0C91BC942}") = "ZERO_CHECK", "ZERO_CHECK.vcxproj", "{4DB5B90A-C0E9-39CA-B266-98C3C8C5376B}"
	ProjectSection(ProjectDependencies) = postProject
	EndProjectSection
EndProject
Global
	GlobalSection(SolutionConfigurationPlatforms) = preSolution
		Debug|x64 = Debug|x64
		Release|x64 = Release|x64
	EndGlobalSection
	GlobalSection(ProjectConfigurationPlatforms) = postSolution
		{1445553B-5100-3D85-83CD-DA42F381AD3E}.Debug|x64.ActiveCfg = Debug|x64
		{1445553B-5100-3D85-83CD-DA42F381AD3E}.Release|x64.ActiveCfg = Release|x64
		{42316A28-CB32-3E52-B2FB-D2217863DB64}.Debug|x64.ActiveCfg = Debug|x64
		{42316A28-CB32-3E52-B2FB-D2217863DB64}.Debug|x64.Build.0 = Debug|x64
		{42316A28-CB32-3E52-B2FB-D2217863DB64}.Release|x64.ActiveCfg = Release|x64
		{42316A28-CB32-3E52-B2FB-D2217863DB64}.Release|x64.Build.0 = Release|x64
		{4DB5B90A-C0E9-39CA-B266-98C3C8C5376B}.Debug|x64.ActiveCfg = Debug|x64
		{4DB5B90A-C0E9-39CA-B266-98C3C8C5376B}.Debug|x64.Build.0 = Debug|x64
		{4DB5B90A-C0E9-39CA-B266-98C3C8C5376B}.Release|x64.ActiveCfg = Release|x64
		{4DB5B90A-C0E9-39CA-B266-98C3C8C5376B}.Release|x64.Build.0 = Release|x64
	EndGlobalSection
	GlobalSection(NestedProjects) = preSolution
		{1445553B-5100-3D85-83CD-DA42F381AD3E} = {90ECE4AC-6B1B-37B0-90B6-013CFAD45B10}
		{4DB5B90A-C0E9-39CA-B266-98C3C8C5376B} = {90ECE4AC-6B1B-37B0-90B6-013CFAD45B10}
	EndGlobalSection
	GlobalSection(ExtensibilityGlobals) = postSolution
		SolutionGuid = {9A4FB721-9FFF-3EEE-A039-F45A723D0FE6}
	EndGlobalSection
	GlobalSection(ExtensibilityAddIns) = postSolution
	EndGlobalSection
EndGlobal
