<?xml version="1.0" encoding="utf-8"?>
<Project ToolsVersion="17.0" xmlns="http://schemas.microsoft.com/developer/msbuild/2003">
  <ItemGroup>
    <ClCompile Include="C:\Users\Test_01\source\repos\LearnOpenGL\Camera.cpp" />
    <ClCompile Include="C:\Users\Test_01\source\repos\LearnOpenGL\EBO.cpp" />
    <ClCompile Include="C:\Users\Test_01\source\repos\LearnOpenGL\Shader.cpp" />
    <ClCompile Include="C:\Users\Test_01\source\repos\LearnOpenGL\stb.cpp" />
    <ClCompile Include="C:\Users\Test_01\source\repos\LearnOpenGL\Texture.cpp" />
    <ClCompile Include="C:\Users\Test_01\source\repos\LearnOpenGL\VAO.cpp" />
    <ClCompile Include="C:\Users\Test_01\source\repos\LearnOpenGL\VBO.cpp" />
    <ClCompile Include="C:\Users\Test_01\source\repos\LearnOpenGL\PerlinNoise.cpp" />
    <ClCompile Include="C:\Users\Test_01\source\repos\LearnOpenGL\Vertices.cpp" />
    <ClCompile Include="C:\Users\Test_01\source\repos\LearnOpenGL\glad.c">
      <Filter>Source Files</Filter>
    </ClCompile>
    <ClCompile Include="C:\Users\Test_01\source\repos\LearnOpenGL\main.cpp">
      <Filter>Source Files</Filter>
    </ClCompile>
  </ItemGroup>
  <ItemGroup>
    <ClInclude Include="C:\Users\Test_01\source\repos\LearnOpenGL\Camera.h" />
    <ClInclude Include="C:\Users\Test_01\source\repos\LearnOpenGL\EBO.h" />
    <ClInclude Include="C:\Users\Test_01\source\repos\LearnOpenGL\Shader.h" />
    <ClInclude Include="C:\Users\Test_01\source\repos\LearnOpenGL\Texture.h" />
    <ClInclude Include="C:\Users\Test_01\source\repos\LearnOpenGL\VAO.h" />
    <ClInclude Include="C:\Users\Test_01\source\repos\LearnOpenGL\VBO.h" />
    <ClInclude Include="C:\Users\Test_01\source\repos\LearnOpenGL\PerlinNoise.h" />
    <ClInclude Include="C:\Users\Test_01\source\repos\LearnOpenGL\Vertices.h" />
    <ClInclude Include="C:\Users\Test_01\source\repos\LearnOpenGL\Vertices.inl" />
  </ItemGroup>
  <ItemGroup>
    <CustomBuild Include="C:\Users\Test_01\source\repos\LearnOpenGL\CMakeLists.txt" />
  </ItemGroup>
  <ItemGroup>
    <None Include="C:\Users\Test_01\source\repos\LearnOpenGL\default.vert" />
    <None Include="C:\Users\Test_01\source\repos\LearnOpenGL\default.frag" />
  </ItemGroup>
  <ItemGroup>
    <Filter Include="Source Files">
      <UniqueIdentifier>{2AF9F8D4-35CA-3A97-BA98-749030F7CB20}</UniqueIdentifier>
    </Filter>
  </ItemGroup>
</Project>
